{
    "_readme": [
        "This file locks the dependencies of your project to a known state",
        "Read more about it at https://getcomposer.org/doc/01-basic-usage.md#installing-dependencies",
        "This file is @generated automatically"
    ],
    "content-hash": "edeec91f80bb281d4b59b19ac3044f0e",
    "packages": [
        {
            "name": "leo108/email-fakefilter-tools",
            "version": "v1.0.0",
            "source": {
                "type": "git",
                "url": "https://github.com/leo108/email-fakefilter-tools.git",
                "reference": "ce56510c61a77c86c69deffda4f78981901d2517"
            },
            "dist": {
                "type": "zip",
                "url": "https://api.github.com/repos/leo108/email-fakefilter-tools/zipball/ce56510c61a77c86c69deffda4f78981901d2517",
                "reference": "ce56510c61a77c86c69deffda4f78981901d2517",
                "shasum": ""
            },
            "require": {
                "php": "^8.1",
                "thecodingmachine/safe": "^2.5"
            },
            "require-dev": {
                "laravel/pint": "^1.10",
                "phpstan/extension-installer": "^1.3",
                "phpstan/phpstan": "^1.10",
                "phpstan/phpstan-strict-rules": "^1.5",
                "phpunit/phpunit": "^10.1",
                "spatie/phpunit-snapshot-assertions": "^5.0",
                "thecodingmachine/phpstan-safe-rule": "^1.2",
                "thecodingmachine/phpstan-strict-rules": "^1.0"
            },
            "type": "project",
            "autoload": {
                "psr-4": {
                    "EmailFakefilter\\Tools\\": "src/"
                }
            },
            "notification-url": "https://packagist.org/downloads/",
            "license": [
                "MIT"
            ],
            "authors": [
                {
                    "name": "leo108",
                    "email": "root@leo108.com"
                }
            ],
            "description": "Tools for leo108/email-fakefilter workflows",
            "support": {
                "issues": "https://github.com/leo108/email-fakefilter-tools/issues",
                "source": "https://github.com/leo108/email-fakefilter-tools/tree/v1.0.0"
            },
            "time": "2023-05-01T09:23:25+00:00"
        },
        {
            "name": "thecodingmachine/safe",
            "version": "v2.5.0",
            "source": {
                "type": "git",
                "url": "https://github.com/thecodingmachine/safe.git",
                "reference": "3115ecd6b4391662b4931daac4eba6b07a2ac1f0"
            },
            "dist": {
                "type": "zip",
                "url": "https://api.github.com/repos/thecodingmachine/safe/zipball/3115ecd6b4391662b4931daac4eba6b07a2ac1f0",
                "reference": "3115ecd6b4391662b4931daac4eba6b07a2ac1f0",
                "shasum": ""
            },
            "require": {
                "php": "^8.0"
            },
            "require-dev": {
                "phpstan/phpstan": "^1.5",
                "phpunit/phpunit": "^9.5",
                "squizlabs/php_codesniffer": "^3.2",
                "thecodingmachine/phpstan-strict-rules": "^1.0"
            },
            "type": "library",
            "extra": {
                "branch-alias": {
                    "dev-master": "2.2.x-dev"
                }
            },
            "autoload": {
                "files": [
                    "deprecated/apc.php",
                    "deprecated/array.php",
                    "deprecated/datetime.php",
                    "deprecated/libevent.php",
                    "deprecated/misc.php",
                    "deprecated/password.php",
                    "deprecated/mssql.php",
                    "deprecated/stats.php",
                    "deprecated/strings.php",
                    "lib/special_cases.php",
                    "deprecated/mysqli.php",
                    "generated/apache.php",
                    "generated/apcu.php",
                    "generated/array.php",
                    "generated/bzip2.php",
                    "generated/calendar.php",
                    "generated/classobj.php",
                    "generated/com.php",
                    "generated/cubrid.php",
                    "generated/curl.php",
                    "generated/datetime.php",
                    "generated/dir.php",
                    "generated/eio.php",
                    "generated/errorfunc.php",
                    "generated/exec.php",
                    "generated/fileinfo.php",
                    "generated/filesystem.php",
                    "generated/filter.php",
                    "generated/fpm.php",
                    "generated/ftp.php",
                    "generated/funchand.php",
                    "generated/gettext.php",
                    "generated/gmp.php",
                    "generated/gnupg.php",
                    "generated/hash.php",
                    "generated/ibase.php",
                    "generated/ibmDb2.php",
                    "generated/iconv.php",
                    "generated/image.php",
                    "generated/imap.php",
                    "generated/info.php",
                    "generated/inotify.php",
                    "generated/json.php",
                    "generated/ldap.php",
                    "generated/libxml.php",
                    "generated/lzf.php",
                    "generated/mailparse.php",
                    "generated/mbstring.php",
                    "generated/misc.php",
                    "generated/mysql.php",
                    "generated/network.php",
                    "generated/oci8.php",
                    "generated/opcache.php",
                    "generated/openssl.php",
                    "generated/outcontrol.php",
                    "generated/pcntl.php",
                    "generated/pcre.php",
                    "generated/pgsql.php",
                    "generated/posix.php",
                    "generated/ps.php",
                    "generated/pspell.php",
                    "generated/readline.php",
                    "generated/rpminfo.php",
                    "generated/rrd.php",
                    "generated/sem.php",
                    "generated/session.php",
                    "generated/shmop.php",
                    "generated/sockets.php",
                    "generated/sodium.php",
                    "generated/solr.php",
                    "generated/spl.php",
                    "generated/sqlsrv.php",
                    "generated/ssdeep.php",
                    "generated/ssh2.php",
                    "generated/stream.php",
                    "generated/strings.php",
                    "generated/swoole.php",
                    "generated/uodbc.php",
                    "generated/uopz.php",
                    "generated/url.php",
                    "generated/var.php",
                    "generated/xdiff.php",
                    "generated/xml.php",
                    "generated/xmlrpc.php",
                    "generated/yaml.php",
                    "generated/yaz.php",
                    "generated/zip.php",
                    "generated/zlib.php"
                ],
                "classmap": [
                    "lib/DateTime.php",
                    "lib/DateTimeImmutable.php",
                    "lib/Exceptions/",
                    "deprecated/Exceptions/",
                    "generated/Exceptions/"
                ]
            },
            "notification-url": "https://packagist.org/downloads/",
            "license": [
                "MIT"
            ],
            "description": "PHP core functions that throw exceptions instead of returning FALSE on error",
            "support": {
                "issues": "https://github.com/thecodingmachine/safe/issues",
                "source": "https://github.com/thecodingmachine/safe/tree/v2.5.0"
            },
            "time": "2023-04-05T11:54:14+00:00"
        }
    ],
    "packages-dev": [],
    "aliases": [],
    "minimum-stability": "stable",
    "stability-flags": [],
    "prefer-stable": false,
    "prefer-lowest": false,
    "platform": [],
    "platform-dev": [],
    "plugin-api-version": "2.3.0"
}
